
Microsoft Visual Studio Solution File, Format Version 12.00
# Visual Studio Version 17
VisualStudioVersion = 17.7.34024.191
MinimumVisualStudioVersion = 10.0.40219.1
Project("{FAE04EC0-301F-11D3-BF4B-00C04F79EFBC}") = "BrasilAPI", "BrasilAPI\BrasilAPI.csproj", "{78D3190C-F640-42B2-B2BE-E96CFE3C3EB9}"
EndProject
Global
	GlobalSection(SolutionConfigurationPlatforms) = preSolution
		Debug|Any CPU = Debug|Any CPU
		Release|Any CPU = Release|Any CPU
	EndGlobalSection
	GlobalSection(ProjectConfigurationPlatforms) = postSolution
		{78D3190C-F640-42B2-B2BE-E96CFE3C3EB9}.Debug|Any CPU.ActiveCfg = Debug|Any CPU
		{78D3190C-F640-42B2-B2BE-E96CFE3C3EB9}.Debug|Any CPU.Build.0 = Debug|Any CPU
		{78D3190C-F640-42B2-B2BE-E96CFE3C3EB9}.Release|Any CPU.ActiveCfg = Release|Any CPU
		{78D3190C-F640-42B2-B2BE-E96CFE3C3EB9}.Release|Any CPU.Build.0 = Release|Any CPU
	EndGlobalSection
	GlobalSection(SolutionProperties) = preSolution
		HideSolutionNode = FALSE
	EndGlobalSection
	GlobalSection(ExtensibilityGlobals) = postSolution
		SolutionGuid = {5F54D925-89E3-473F-AE94-CB3C0F0DF71A}
	EndGlobalSection
EndGlobal
